{
  "nodes": {
    "fenix": {
      "inputs": {
        "nixpkgs": [
          "pinnacle",
          "nixpkgs"
        ],
        "rust-analyzer-src": "rust-analyzer-src"
      },
      "locked": {
        "lastModified": 1786005881,
        "narHash": "sha256-Bj3VKIiwX1daO4vOIyAM507A65J0aaRSctc87kiT7H4=",
        "owner": "nix-community",
        "repo": "fenix",
        "rev": "a7c3ef79859bf024cdc865a0ed8f14a4e3f31099",
        "type": "github"
      },
      "original": {
        "owner": "nix-community",
        "repo": "fenix",
        "type": "github"
      }
    },
    "flake-utils": {
      "inputs": {
        "systems": "systems"
      },
      "locked": {
        "lastModified": 1731533236,
        "narHash": "sha256-l0KFg5HjrsfsO/JpG+r7fRrqm12kzFHyUHqHCVpMMbI=",
        "owner": "numtide",
        "repo": "flake-utils",
        "rev": "11707dc2f618dd54ca8739b309ec4fc024de578b",
        "type": "github"
      },
      "original": {
        "owner": "numtide",
        "repo": "flake-utils",
        "type": "github"
      }
    },
    "nixpkgs": {
      "locked": {
        "lastModified": 1788355720,
        "narHash": "sha256-yHxXhRyUxZNifF1G4ajlVFrRrXdweZS1GmHG3yx+tJg=",
        "owner": "nixos",
        "repo": "nixpkgs",
        "rev": "8831f9abaacd62152bcf2aaf0fe1ff5f036eb03c",
        "type": "github"
      },
      "original": {
        "owner": "nixos",
        "repo": "nixpkgs",
        "type": "github"
      }
    },
    "nixpkgs_2": {
      "locked": {
        "lastModified": 1786022024,
        "narHash": "sha256-4NW/sBCUhMR+tx32bo901ddhFllDjJW4eR9qwg8O6+A=",
        "owner": "nixos",
        "repo": "nixpkgs",
        "rev": "71651ac56b73b99a3c9fb758c98978f3a5e0840f",
        "type": "github"
      },
      "original": {
        "owner": "nixos",
        "ref": "nixpkgs-unstable",
        "repo": "nixpkgs",
        "type": "github"
      }
    },
    "pinnacle": {
      "inputs": {
        "fenix": "fenix",
        "flake-utils": "flake-utils",
        "nixpkgs": "nixpkgs_2"
      },
      "locked": {
        "lastModified": 1786022574,
        "narHash": "sha256-0WuglrZXS5RMqwOXNfaE9RVUMWUhZMMsiSvuvwqQq8Q=",
        "owner": "cassandracomar",
        "repo": "pinnacle",
        "rev": "49ecbb1ddc99d3b4c5e354cb1b196ae0469145c4",
        "type": "github"
      },
      "original": {
        "owner": "cassandracomar",
        "ref": "fix/compat53-version",
        "repo": "pinnacle",
        "type": "github"
      }
    },
    "root": {
      "inputs": {
        "nixpkgs": "nixpkgs",
        "pinnacle": "pinnacle"
      }
    },
    "rust-analyzer-src": {
      "flake": false,
      "locked": {
        "lastModified": 1785960076,
        "narHash": "sha256-+Xej+akyhjZIFnsEIZLO3c6YNvlnKB3rFMzsprQCyDM=",
        "owner": "rust-lang",
        "repo": "rust-analyzer",
        "rev": "cf3b451f47c01d76989425d1ace3f1cba70f1fdb",
        "type": "github"
      },
      "original": {
        "owner": "rust-lang",
        "ref": "nightly",
        "repo": "rust-analyzer",
        "type": "github"
      }
    },
    "systems": {
      "locked": {
        "lastModified": 1681028828,
        "narHash": "sha256-Vy1rq5AaRuLzOxct8nz4T6wlgyUR7zLU309k9mBC768=",
        "owner": "nix-systems",
        "repo": "default",
        "rev": "da67096a3b9bf56a91d16901293e51ba5b49a27e",
        "type": "github"
      },
      "original": {
        "owner": "nix-systems",
        "repo": "default",
        "type": "github"
      }
    }
  },
  "root": "root",
  "version": 7
}
