{
  "nodes": {
    "fenix": {
      "inputs": {
        "nixpkgs": [
          "pinnacle",
          "nixpkgs"
        ],
        "rust-analyzer-src": "rust-analyzer-src"
      },
      "locked": {
        "lastModified": 1772521798,
        "narHash": "sha256-N69u6BZTfCyCsqyc1Qv/qvqkGkTCO6peGInKae51r/E=",
        "owner": "nix-community",
        "repo": "fenix",
        "rev": "9ba6d89cd7cb4d2b94953d56bea1d46e08aa53bd",
        "type": "github"
      },
      "original": {
        "owner": "nix-community",
        "repo": "fenix",
        "type": "github"
      }
    },
    "flake-utils": {
      "inputs": {
        "systems": "systems"
      },
      "locked": {
        "lastModified": 1731533236,
        "narHash": "sha256-l0KFg5HjrsfsO/JpG+r7fRrqm12kzFHyUHqHCVpMMbI=",
        "owner": "numtide",
        "repo": "flake-utils",
        "rev": "11707dc2f618dd54ca8739b309ec4fc024de578b",
        "type": "github"
      },
      "original": {
        "owner": "numtide",
        "repo": "flake-utils",
        "type": "github"
      }
    },
    "nixpkgs": {
      "locked": {
        "lastModified": 1776346407,
        "narHash": "sha256-JuuVL1bvEg7a6PHtWe/xVicT9Qt7+Y5LxFw9kJpFa+E=",
        "owner": "nixos",
        "repo": "nixpkgs",
        "rev": "5a32c40c450e1b15102680b5d7dbce2fdc2245f5",
        "type": "github"
      },
      "original": {
        "owner": "nixos",
        "repo": "nixpkgs",
        "type": "github"
      }
    },
    "nixpkgs_2": {
      "locked": {
        "lastModified": 1772479524,
        "narHash": "sha256-u7nCaNiMjqvKpE+uZz9hE7pgXXTmm5yvdtFaqzSzUQI=",
        "owner": "nixos",
        "repo": "nixpkgs",
        "rev": "4215e62dc2cd3bc705b0a423b9719ff6be378a43",
        "type": "github"
      },
      "original": {
        "owner": "nixos",
        "ref": "nixpkgs-unstable",
        "repo": "nixpkgs",
        "type": "github"
      }
    },
    "pinnacle": {
      "inputs": {
        "fenix": "fenix",
        "flake-utils": "flake-utils",
        "nixpkgs": "nixpkgs_2"
      },
      "locked": {
        "lastModified": 1774667880,
        "narHash": "sha256-txmN5GdYTWekzYwqpl7sU6tZuS+nvrq1LkL4bwiRhtw=",
        "owner": "pinnacle-comp",
        "repo": "pinnacle",
        "rev": "88889905bb1aeae32d3ca4531517acfec49e9af4",
        "type": "github"
      },
      "original": {
        "owner": "pinnacle-comp",
        "repo": "pinnacle",
        "type": "github"
      }
    },
    "root": {
      "inputs": {
        "nixpkgs": "nixpkgs",
        "pinnacle": "pinnacle"
      }
    },
    "rust-analyzer-src": {
      "flake": false,
      "locked": {
        "lastModified": 1772438613,
        "narHash": "sha256-D+yZsIKkfRABreaY0Q+jsCtLB5WlnBKpZ1+Sk5qjuRQ=",
        "owner": "rust-lang",
        "repo": "rust-analyzer",
        "rev": "3c4ae110c7682cfc723f9f0adb49c19e2e7a0893",
        "type": "github"
      },
      "original": {
        "owner": "rust-lang",
        "ref": "nightly",
        "repo": "rust-analyzer",
        "type": "github"
      }
    },
    "systems": {
      "locked": {
        "lastModified": 1681028828,
        "narHash": "sha256-Vy1rq5AaRuLzOxct8nz4T6wlgyUR7zLU309k9mBC768=",
        "owner": "nix-systems",
        "repo": "default",
        "rev": "da67096a3b9bf56a91d16901293e51ba5b49a27e",
        "type": "github"
      },
      "original": {
        "owner": "nix-systems",
        "repo": "default",
        "type": "github"
      }
    }
  },
  "root": "root",
  "version": 7
}
